// !$*UTF8*$!
{
	archiveVersion = 1;
	classes = {
	};
	objectVersion = 55;
	objects = {

/* Begin PBXBuildFile section */
		1C0991B828CCE2F3002198F3 /* LearningApp.swift in Sources */ = {isa = PBXBuildFile; fileRef = 1C0991B728CCE2F3002198F3 /* LearningApp.swift */; };
		1C0991BA28CCE2F3002198F3 /* HomeView.swift in Sources */ = {isa = PBXBuildFile; fileRef = 1C0991B928CCE2F3002198F3 /* HomeView.swift */; };
		1C0991BC28CCE2F4002198F3 /* Assets.xcassets in Resources */ = {isa = PBXBuildFile; fileRef = 1C0991BB28CCE2F4002198F3 /* Assets.xcassets */; };
		1C0991BF28CCE2F4002198F3 /* Preview Assets.xcassets in Resources */ = {isa = PBXBuildFile; fileRef = 1C0991BE28CCE2F4002198F3 /* Preview Assets.xcassets */; };
		1C0991CB28CCE457002198F3 /* ContentModel.swift in Sources */ = {isa = PBXBuildFile; fileRef = 1C0991CA28CCE457002198F3 /* ContentModel.swift */; };
		1C0991CD28CCE700002198F3 /* data.json in Resources */ = {isa = PBXBuildFile; fileRef = 1C0991CC28CCE700002198F3 /* data.json */; };
		1C0991CF28CCE751002198F3 /* style.html in Resources */ = {isa = PBXBuildFile; fileRef = 1C0991CE28CCE751002198F3 /* style.html */; };
		1C0991D128CCE971002198F3 /* Models.swift in Sources */ = {isa = PBXBuildFile; fileRef = 1C0991D028CCE971002198F3 /* Models.swift */; };
		1C23536D28CD2D07006E1228 /* HomeViewRows.swift in Sources */ = {isa = PBXBuildFile; fileRef = 1C23536C28CD2D07006E1228 /* HomeViewRows.swift */; };
		1C23537128CDFE35006E1228 /* ContentView.swift in Sources */ = {isa = PBXBuildFile; fileRef = 1C23537028CDFE35006E1228 /* ContentView.swift */; };
		1C23537328CE1E54006E1228 /* ContentDetailView.swift in Sources */ = {isa = PBXBuildFile; fileRef = 1C23537228CE1E54006E1228 /* ContentDetailView.swift */; };
/* End PBXBuildFile section */

/* Begin PBXFileReference section */
		1C0991B428CCE2F3002198F3 /* LearningApp.app */ = {isa = PBXFileReference; explicitFileType = wrapper.application; includeInIndex = 0; path = LearningApp.app; sourceTree = BUILT_PRODUCTS_DIR; };
		1C0991B728CCE2F3002198F3 /* LearningApp.swift */ = {isa = PBXFileReference; lastKnownFileType = sourcecode.swift; path = LearningApp.swift; sourceTree = "<group>"; };
		1C0991B928CCE2F3002198F3 /* HomeView.swift */ = {isa = PBXFileReference; lastKnownFileType = sourcecode.swift; path = HomeView.swift; sourceTree = "<group>"; };
		1C0991BB28CCE2F4002198F3 /* Assets.xcassets */ = {isa = PBXFileReference; lastKnownFileType = folder.assetcatalog; path = Assets.xcassets; sourceTree = "<group>"; };
		1C0991BE28CCE2F4002198F3 /* Preview Assets.xcassets */ = {isa = PBXFileReference; lastKnownFileType = folder.assetcatalog; path = "Preview Assets.xcassets"; sourceTree = "<group>"; };
		1C0991CA28CCE457002198F3 /* ContentModel.swift */ = {isa = PBXFileReference; lastKnownFileType = sourcecode.swift; path = ContentModel.swift; sourceTree = "<group>"; };
		1C0991CC28CCE700002198F3 /* data.json */ = {isa = PBXFileReference; fileEncoding = 4; lastKnownFileType = text.json; name = data.json; path = "../../../../../iOS Foundation course resources/Module 5/Lesson 03/M5L3 Resources/data/data.json"; sourceTree = "<group>"; };
		1C0991CE28CCE751002198F3 /* style.html */ = {isa = PBXFileReference; fileEncoding = 4; lastKnownFileType = text.html; name = style.html; path = "../../../../../iOS Foundation course resources/Module 5/Lesson 03/M5L3 Resources/data/style.html"; sourceTree = "<group>"; };
		1C0991D028CCE971002198F3 /* Models.swift */ = {isa = PBXFileReference; lastKnownFileType = sourcecode.swift; path = Models.swift; sourceTree = "<group>"; };
		1C23536C28CD2D07006E1228 /* HomeViewRows.swift */ = {isa = PBXFileReference; lastKnownFileType = sourcecode.swift; path = HomeViewRows.swift; sourceTree = "<group>"; };
		1C23537028CDFE35006E1228 /* ContentView.swift */ = {isa = PBXFileReference; lastKnownFileType = sourcecode.swift; path = ContentView.swift; sourceTree = "<group>"; };
		1C23537228CE1E54006E1228 /* ContentDetailView.swift */ = {isa = PBXFileReference; lastKnownFileType = sourcecode.swift; path = ContentDetailView.swift; sourceTree = "<group>"; };
/* End PBXFileReference section */

/* Begin PBXFrameworksBuildPhase section */
		1C0991B128CCE2F3002198F3 /* Frameworks */ = {
			isa = PBXFrameworksBuildPhase;
			buildActionMask = 2147483647;
			files = (
			);
			runOnlyForDeploymentPostprocessing = 0;
		};
/* End PBXFrameworksBuildPhase section */

/* Begin PBXGroup section */
		1C0991AB28CCE2F3002198F3 = {
			isa = PBXGroup;
			children = (
				1C0991B628CCE2F3002198F3 /* LearningApp */,
				1C0991B528CCE2F3002198F3 /* Products */,
			);
			sourceTree = "<group>";
		};
		1C0991B528CCE2F3002198F3 /* Products */ = {
			isa = PBXGroup;
			children = (
				1C0991B428CCE2F3002198F3 /* LearningApp.app */,
			);
			name = Products;
			sourceTree = "<group>";
		};
		1C0991B628CCE2F3002198F3 /* LearningApp */ = {
			isa = PBXGroup;
			children = (
				1C0991B728CCE2F3002198F3 /* LearningApp.swift */,
				1C0991C528CCE3DE002198F3 /* Views */,
				1C0991C628CCE3E6002198F3 /* ViewModels */,
				1C0991C928CCE3FF002198F3 /* Models */,
				1C0991C728CCE3ED002198F3 /* Resources */,
				1C0991C828CCE3F5002198F3 /* Helpers */,
				1C0991BB28CCE2F4002198F3 /* Assets.xcassets */,
				1C0991BD28CCE2F4002198F3 /* Preview Content */,
			);
			path = LearningApp;
			sourceTree = "<group>";
		};
		1C0991BD28CCE2F4002198F3 /* Preview Content */ = {
			isa = PBXGroup;
			children = (
				1C0991BE28CCE2F4002198F3 /* Preview Assets.xcassets */,
			);
			path = "Preview Content";
			sourceTree = "<group>";
		};
		1C0991C528CCE3DE002198F3 /* Views */ = {
			isa = PBXGroup;
			children = (
				1C0991B928CCE2F3002198F3 /* HomeView.swift */,
				1C23536C28CD2D07006E1228 /* HomeViewRows.swift */,
				1C23537028CDFE35006E1228 /* ContentView.swift */,
				1C23537228CE1E54006E1228 /* ContentDetailView.swift */,
			);
			path = Views;
			sourceTree = "<group>";
		};
		1C0991C628CCE3E6002198F3 /* ViewModels */ = {
			isa = PBXGroup;
			children = (
				1C0991CA28CCE457002198F3 /* ContentModel.swift */,
			);
			path = ViewModels;
			sourceTree = "<group>";
		};
		1C0991C728CCE3ED002198F3 /* Resources */ = {
			isa = PBXGroup;
			children = (
				1C0991CC28CCE700002198F3 /* data.json */,
				1C0991CE28CCE751002198F3 /* style.html */,
			);
			path = Resources;
			sourceTree = "<group>";
		};
		1C0991C828CCE3F5002198F3 /* Helpers */ = {
			isa = PBXGroup;
			children = (
			);
			path = Helpers;
			sourceTree = "<group>";
		};
		1C0991C928CCE3FF002198F3 /* Models */ = {
			isa = PBXGroup;
			children = (
				1C0991D028CCE971002198F3 /* Models.swift */,
			);
			path = Models;
			sourceTree = "<group>";
		};
/* End PBXGroup section */

/* Begin PBXNativeTarget section */
		1C0991B328CCE2F3002198F3 /* LearningApp */ = {
			isa = PBXNativeTarget;
			buildConfigurationList = 1C0991C228CCE2F4002198F3 /* Build configuration list for PBXNativeTarget "LearningApp" */;
			buildPhases = (
				1C0991B028CCE2F3002198F3 /* Sources */,
				1C0991B128CCE2F3002198F3 /* Frameworks */,
				1C0991B228CCE2F3002198F3 /* Resources */,
			);
			buildRules = (
			);
			dependencies = (
			);
			name = LearningApp;
			productName = LearningApp;
			productReference = 1C0991B428CCE2F3002198F3 /* LearningApp.app */;
			productType = "com.apple.product-type.application";
		};
/* End PBXNativeTarget section */

/* Begin PBXProject section */
		1C0991AC28CCE2F3002198F3 /* Project object */ = {
			isa = PBXProject;
			attributes = {
				BuildIndependentTargetsInParallel = 1;
				LastSwiftUpdateCheck = 1340;
				LastUpgradeCheck = 1340;
				TargetAttributes = {
					1C0991B328CCE2F3002198F3 = {
						CreatedOnToolsVersion = 13.4.1;
					};
				};
			};
			buildConfigurationList = 1C0991AF28CCE2F3002198F3 /* Build configuration list for PBXProject "LearningApp" */;
			compatibilityVersion = "Xcode 13.0";
			developmentRegion = en;
			hasScannedForEncodings = 0;
			knownRegions = (
				en,
				Base,
			);
			mainGroup = 1C0991AB28CCE2F3002198F3;
			productRefGroup = 1C0991B528CCE2F3002198F3 /* Products */;
			projectDirPath = "";
			projectRoot = "";
			targets = (
				1C0991B328CCE2F3002198F3 /* LearningApp */,
			);
		};
/* End PBXProject section */

/* Begin PBXResourcesBuildPhase section */
		1C0991B228CCE2F3002198F3 /* Resources */ = {
			isa = PBXResourcesBuildPhase;
			buildActionMask = 2147483647;
			files = (
				1C0991BF28CCE2F4002198F3 /* Preview Assets.xcassets in Resources */,
				1C0991CD28CCE700002198F3 /* data.json in Resources */,
				1C0991CF28CCE751002198F3 /* style.html in Resources */,
				1C0991BC28CCE2F4002198F3 /* Assets.xcassets in Resources */,
			);
			runOnlyForDeploymentPostprocessing = 0;
		};
/* End PBXResourcesBuildPhase section */

/* Begin PBXSourcesBuildPhase section */
		1C0991B028CCE2F3002198F3 /* Sources */ = {
			isa = PBXSourcesBuildPhase;
			buildActionMask = 2147483647;
			files = (
				1C0991BA28CCE2F3002198F3 /* HomeView.swift in Sources */,
				1C0991B828CCE2F3002198F3 /* LearningApp.swift in Sources */,
				1C23537128CDFE35006E1228 /* ContentView.swift in Sources */,
				1C23537328CE1E54006E1228 /* ContentDetailView.swift in Sources */,
				1C0991CB28CCE457002198F3 /* ContentModel.swift in Sources */,
				1C0991D128CCE971002198F3 /* Models.swift in Sources */,
				1C23536D28CD2D07006E1228 /* HomeViewRows.swift in Sources */,
			);
			runOnlyForDeploymentPostprocessing = 0;
		};
/* End PBXSourcesBuildPhase section */

/* Begin XCBuildConfiguration section */
		1C0991C028CCE2F4002198F3 /* Debug */ = {
			isa = XCBuildConfiguration;
			buildSettings = {
				ALWAYS_SEARCH_USER_PATHS = NO;
				CLANG_ANALYZER_NONNULL = YES;
				CLANG_ANALYZER_NUMBER_OBJECT_CONVERSION = YES_AGGRESSIVE;
				CLANG_CXX_LANGUAGE_STANDARD = "gnu++17";
				CLANG_ENABLE_MODULES = YES;
				CLANG_ENABLE_OBJC_ARC = YES;
				CLANG_ENABLE_OBJC_WEAK = YES;
				CLANG_WARN_BLOCK_CAPTURE_AUTORELEASING = YES;
				CLANG_WARN_BOOL_CONVERSION = YES;
				CLANG_WARN_COMMA = YES;
				CLANG_WARN_CONSTANT_CONVERSION = YES;
				CLANG_WARN_DEPRECATED_OBJC_IMPLEMENTATIONS = YES;
				CLANG_WARN_DIRECT_OBJC_ISA_USAGE = YES_ERROR;
				CLANG_WARN_DOCUMENTATION_COMMENTS = YES;
				CLANG_WARN_EMPTY_BODY = YES;
				CLANG_WARN_ENUM_CONVERSION = YES;
				CLANG_WARN_INFINITE_RECURSION = YES;
				CLANG_WARN_INT_CONVERSION = YES;
				CLANG_WARN_NON_LITERAL_NULL_CONVERSION = YES;
				CLANG_WARN_OBJC_IMPLICIT_RETAIN_SELF = YES;
				CLANG_WARN_OBJC_LITERAL_CONVERSION = YES;
				CLANG_WARN_OBJC_ROOT_CLASS = YES_ERROR;
				CLANG_WARN_QUOTED_INCLUDE_IN_FRAMEWORK_HEADER = YES;
				CLANG_WARN_RANGE_LOOP_ANALYSIS = YES;
				CLANG_WARN_STRICT_PROTOTYPES = YES;
				CLANG_WARN_SUSPICIOUS_MOVE = YES;
				CLANG_WARN_UNGUARDED_AVAILABILITY = YES_AGGRESSIVE;
				CLANG_WARN_UNREACHABLE_CODE = YES;
				CLANG_WARN__DUPLICATE_METHOD_MATCH = YES;
				COPY_PHASE_STRIP = NO;
				DEBUG_INFORMATION_FORMAT = dwarf;
				ENABLE_STRICT_OBJC_MSGSEND = YES;
				ENABLE_TESTABILITY = YES;
				GCC_C_LANGUAGE_STANDARD = gnu11;
				GCC_DYNAMIC_NO_PIC = NO;
				GCC_NO_COMMON_BLOCKS = YES;
				GCC_OPTIMIZATION_LEVEL = 0;
				GCC_PREPROCESSOR_DEFINITIONS = (
					"DEBUG=1",
					"$(inherited)",
				);
				GCC_WARN_64_TO_32_BIT_CONVERSION = YES;
				GCC_WARN_ABOUT_RETURN_TYPE = YES_ERROR;
				GCC_WARN_UNDECLARED_SELECTOR = YES;
				GCC_WARN_UNINITIALIZED_AUTOS = YES_AGGRESSIVE;
				GCC_WARN_UNUSED_FUNCTION = YES;
				GCC_WARN_UNUSED_VARIABLE = YES;
				IPHONEOS_DEPLOYMENT_TARGET = 15.5;
				MTL_ENABLE_DEBUG_INFO = INCLUDE_SOURCE;
				MTL_FAST_MATH = YES;
				ONLY_ACTIVE_ARCH = YES;
				SDKROOT = iphoneos;
				SWIFT_ACTIVE_COMPILATION_CONDITIONS = DEBUG;
				SWIFT_OPTIMIZATION_LEVEL = "-Onone";
			};
			name = Debug;
		};
		1C0991C128CCE2F4002198F3 /* Release */ = {
			isa = XCBuildConfiguration;
			buildSettings = {
				ALWAYS_SEARCH_USER_PATHS = NO;
				CLANG_ANALYZER_NONNULL = YES;
				CLANG_ANALYZER_NUMBER_OBJECT_CONVERSION = YES_AGGRESSIVE;
				CLANG_CXX_LANGUAGE_STANDARD = "gnu++17";
				CLANG_ENABLE_MODULES = YES;
				CLANG_ENABLE_OBJC_ARC = YES;
				CLANG_ENABLE_OBJC_WEAK = YES;
				CLANG_WARN_BLOCK_CAPTURE_AUTORELEASING = YES;
				CLANG_WARN_BOOL_CONVERSION = YES;
				CLANG_WARN_COMMA = YES;
				CLANG_WARN_CONSTANT_CONVERSION = YES;
				CLANG_WARN_DEPRECATED_OBJC_IMPLEMENTATIONS = YES;
				CLANG_WARN_DIRECT_OBJC_ISA_USAGE = YES_ERROR;
				CLANG_WARN_DOCUMENTATION_COMMENTS = YES;
				CLANG_WARN_EMPTY_BODY = YES;
				CLANG_WARN_ENUM_CONVERSION = YES;
				CLANG_WARN_INFINITE_RECURSION = YES;
				CLANG_WARN_INT_CONVERSION = YES;
				CLANG_WARN_NON_LITERAL_NULL_CONVERSION = YES;
				CLANG_WARN_OBJC_IMPLICIT_RETAIN_SELF = YES;
				CLANG_WARN_OBJC_LITERAL_CONVERSION = YES;
				CLANG_WARN_OBJC_ROOT_CLASS = YES_ERROR;
				CLANG_WARN_QUOTED_INCLUDE_IN_FRAMEWORK_HEADER = YES;
				CLANG_WARN_RANGE_LOOP_ANALYSIS = YES;
				CLANG_WARN_STRICT_PROTOTYPES = YES;
				CLANG_WARN_SUSPICIOUS_MOVE = YES;
				CLANG_WARN_UNGUARDED_AVAILABILITY = YES_AGGRESSIVE;
				CLANG_WARN_UNREACHABLE_CODE = YES;
				CLANG_WARN__DUPLICATE_METHOD_MATCH = YES;
				COPY_PHASE_STRIP = NO;
				DEBUG_INFORMATION_FORMAT = "dwarf-with-dsym";
				ENABLE_NS_ASSERTIONS = NO;
				ENABLE_STRICT_OBJC_MSGSEND = YES;
				GCC_C_LANGUAGE_STANDARD = gnu11;
				GCC_NO_COMMON_BLOCKS = YES;
				GCC_WARN_64_TO_32_BIT_CONVERSION = YES;
				GCC_WARN_ABOUT_RETURN_TYPE = YES_ERROR;
				GCC_WARN_UNDECLARED_SELECTOR = YES;
				GCC_WARN_UNINITIALIZED_AUTOS = YES_AGGRESSIVE;
				GCC_WARN_UNUSED_FUNCTION = YES;
				GCC_WARN_UNUSED_VARIABLE = YES;
				IPHONEOS_DEPLOYMENT_TARGET = 15.5;
				MTL_ENABLE_DEBUG_INFO = NO;
				MTL_FAST_MATH = YES;
				SDKROOT = iphoneos;
				SWIFT_COMPILATION_MODE = wholemodule;
				SWIFT_OPTIMIZATION_LEVEL = "-O";
				VALIDATE_PRODUCT = YES;
			};
			name = Release;
		};
		1C0991C328CCE2F4002198F3 /* Debug */ = {
			isa = XCBuildConfiguration;
			buildSettings = {
				ASSETCATALOG_COMPILER_APPICON_NAME = AppIcon;
				ASSETCATALOG_COMPILER_GLOBAL_ACCENT_COLOR_NAME = AccentColor;
				CODE_SIGN_STYLE = Automatic;
				CURRENT_PROJECT_VERSION = 1;
				DEVELOPMENT_ASSET_PATHS = "\"LearningApp/Preview Content\"";
				DEVELOPMENT_TEAM = F6UG87VL4G;
				ENABLE_PREVIEWS = YES;
				GENERATE_INFOPLIST_FILE = YES;
				INFOPLIST_KEY_UIApplicationSceneManifest_Generation = YES;
				INFOPLIST_KEY_UIApplicationSupportsIndirectInputEvents = YES;
				INFOPLIST_KEY_UILaunchScreen_Generation = YES;
				INFOPLIST_KEY_UISupportedInterfaceOrientations_iPad = "UIInterfaceOrientationPortrait UIInterfaceOrientationPortraitUpsideDown UIInterfaceOrientationLandscapeLeft UIInterfaceOrientationLandscapeRight";
				INFOPLIST_KEY_UISupportedInterfaceOrientations_iPhone = "UIInterfaceOrientationPortrait UIInterfaceOrientationLandscapeLeft UIInterfaceOrientationLandscapeRight";
				LD_RUNPATH_SEARCH_PATHS = (
					"$(inherited)",
					"@executable_path/Frameworks",
				);
				MARKETING_VERSION = 1.0;
				PRODUCT_BUNDLE_IDENTIFIER = letsdoit.LearningApp;
				PRODUCT_NAME = "$(TARGET_NAME)";
				SWIFT_EMIT_LOC_STRINGS = YES;
				SWIFT_VERSION = 5.0;
				TARGETED_DEVICE_FAMILY = "1,2";
			};
			name = Debug;
		};
		1C0991C428CCE2F4002198F3 /* Release */ = {
			isa = XCBuildConfiguration;
			buildSettings = {
				ASSETCATALOG_COMPILER_APPICON_NAME = AppIcon;
				ASSETCATALOG_COMPILER_GLOBAL_ACCENT_COLOR_NAME = AccentColor;
				CODE_SIGN_STYLE = Automatic;
				CURRENT_PROJECT_VERSION = 1;
				DEVELOPMENT_ASSET_PATHS = "\"LearningApp/Preview Content\"";
				DEVELOPMENT_TEAM = F6UG87VL4G;
				ENABLE_PREVIEWS = YES;
				GENERATE_INFOPLIST_FILE = YES;
				INFOPLIST_KEY_UIApplicationSceneManifest_Generation = YES;
				INFOPLIST_KEY_UIApplicationSupportsIndirectInputEvents = YES;
				INFOPLIST_KEY_UILaunchScreen_Generation = YES;
				INFOPLIST_KEY_UISupportedInterfaceOrientations_iPad = "UIInterfaceOrientationPortrait UIInterfaceOrientationPortraitUpsideDown UIInterfaceOrientationLandscapeLeft UIInterfaceOrientationLandscapeRight";
				INFOPLIST_KEY_UISupportedInterfaceOrientations_iPhone = "UIInterfaceOrientationPortrait UIInterfaceOrientationLandscapeLeft UIInterfaceOrientationLandscapeRight";
				LD_RUNPATH_SEARCH_PATHS = (
					"$(inherited)",
					"@executable_path/Frameworks",
				);
				MARKETING_VERSION = 1.0;
				PRODUCT_BUNDLE_IDENTIFIER = letsdoit.LearningApp;
				PRODUCT_NAME = "$(TARGET_NAME)";
				SWIFT_EMIT_LOC_STRINGS = YES;
				SWIFT_VERSION = 5.0;
				TARGETED_DEVICE_FAMILY = "1,2";
			};
			name = Release;
		};
/* End XCBuildConfiguration section */

/* Begin XCConfigurationList section */
		1C0991AF28CCE2F3002198F3 /* Build configuration list for PBXProject "LearningApp" */ = {
			isa = XCConfigurationList;
			buildConfigurations = (
				1C0991C028CCE2F4002198F3 /* Debug */,
				1C0991C128CCE2F4002198F3 /* Release */,
			);
			defaultConfigurationIsVisible = 0;
			defaultConfigurationName = Release;
		};
		1C0991C228CCE2F4002198F3 /* Build configuration list for PBXNativeTarget "LearningApp" */ = {
			isa = XCConfigurationList;
			buildConfigurations = (
				1C0991C328CCE2F4002198F3 /* Debug */,
				1C0991C428CCE2F4002198F3 /* Release */,
			);
			defaultConfigurationIsVisible = 0;
			defaultConfigurationName = Release;
		};
/* End XCConfigurationList section */
	};
	rootObject = 1C0991AC28CCE2F3002198F3 /* Project object */;
}
